
Microsoft Visual Studio Solution File, Format Version 12.00
# Visual Studio Version 17
VisualStudioVersion = 17.14.36616.10
MinimumVisualStudioVersion = 10.0.40219.1
Project("{FAE04EC0-301F-11D3-BF4B-00C04F79EFBC}") = "UserService.Api", "UserService.Api.csproj", "{1709C335-DBDB-4C0D-8639-6765A9BA66FF}"
EndProject
Project("{2150E333-8FDC-42A3-9474-1A3956D46DE8}") = "UserService", "UserService", "{02EA681E-C7D8-13C7-8484-4AC65E1B71E8}"
EndProject
Project("{2150E333-8FDC-42A3-9474-1A3956D46DE8}") = "API", "API", "{596BA889-D332-489A-B241-C329633ED2F5}"
EndProject
Project("{2150E333-8FDC-42A3-9474-1A3956D46DE8}") = "Domain", "Domain", "{D9FDA4B9-4422-4A61-8F30-9F6C023D4C44}"
EndProject
Project("{FAE04EC0-301F-11D3-BF4B-00C04F79EFBC}") = "Domain", "..\Entidades\Domain.csproj", "{43CF8000-4999-4375-AD4C-46218BD7D518}"
EndProject
Project("{2150E333-8FDC-42A3-9474-1A3956D46DE8}") = "Infrastructure", "Infrastructure", "{083FB3B5-8270-4903-BE5F-3E859DB49C97}"
EndProject
Project("{FAE04EC0-301F-11D3-BF4B-00C04F79EFBC}") = "Database", "..\Database\Database.csproj", "{BFBC7301-B06C-4EF9-8578-599782DCA58E}"
EndProject
Project("{2150E333-8FDC-42A3-9474-1A3956D46DE8}") = "AuthService", "AuthService", "{A04F3DDE-BEAF-4EBD-9418-92641945B252}"
EndProject
Project("{2150E333-8FDC-42A3-9474-1A3956D46DE8}") = "API", "API", "{EDD3251F-A3C7-4BDE-964B-FFA3E56DB5C9}"
EndProject
Project("{2150E333-8FDC-42A3-9474-1A3956D46DE8}") = "Domain", "Domain", "{4FE5DC33-7366-466B-AEA2-790C4B00E554}"
EndProject
Project("{2150E333-8FDC-42A3-9474-1A3956D46DE8}") = "Infrastructure", "Infrastructure", "{C418E35F-BC76-4019-B55D-0ADF9E80DCA8}"
EndProject
Project("{FAE04EC0-301F-11D3-BF4B-00C04F79EFBC}") = "AuthDatabase", "..\AuthDatabase\AuthDatabase.csproj", "{70A11799-9D6E-43BD-A376-5197D3398D2D}"
EndProject
Project("{FAE04EC0-301F-11D3-BF4B-00C04F79EFBC}") = "AuthService.Api", "..\AuthService.Api\AuthService.Api.csproj", "{AF731032-661A-4BFC-B821-C92001A31521}"
EndProject
Project("{FAE04EC0-301F-11D3-BF4B-00C04F79EFBC}") = "AuthDomain", "..\AuthDomain\AuthDomain.csproj", "{712B5621-782C-44F6-A972-FC5C0B696056}"
EndProject
Project("{2150E333-8FDC-42A3-9474-1A3956D46DE8}") = "Application", "Application", "{CEEB1220-6EBA-40BD-B0CA-ECE271CE6990}"
EndProject
Project("{FAE04EC0-301F-11D3-BF4B-00C04F79EFBC}") = "AuthService.Application", "..\AuthService.Application\AuthService.Application.csproj", "{47031A26-CBEF-41CD-822E-90C1D463FDFF}"
EndProject
Project("{2150E333-8FDC-42A3-9474-1A3956D46DE8}") = "inventoryService", "inventoryService", "{F94E7741-6530-486F-9D24-6031D42E5372}"
EndProject
Project("{2150E333-8FDC-42A3-9474-1A3956D46DE8}") = "API", "API", "{CD9DB455-1C96-4511-B418-9F13C9D66934}"
EndProject
Project("{2150E333-8FDC-42A3-9474-1A3956D46DE8}") = "Application", "Application", "{E24494AE-FC5E-4230-849E-17AF4B6C58CA}"
EndProject
Project("{2150E333-8FDC-42A3-9474-1A3956D46DE8}") = "Domain", "Domain", "{C3092AFD-ADEB-4876-894F-DE9A1F641656}"
EndProject
Project("{2150E333-8FDC-42A3-9474-1A3956D46DE8}") = "Infrastructure", "Infrastructure", "{8C1BA16C-5776-4E4A-9E6B-76CD8B11B1BE}"
EndProject
Project("{FAE04EC0-301F-11D3-BF4B-00C04F79EFBC}") = "InventoryService.Api", "..\InventoryService.Api\InventoryService.Api.csproj", "{1F66EC98-2722-482B-A441-70070DAEFE4F}"
EndProject
Project("{FAE04EC0-301F-11D3-BF4B-00C04F79EFBC}") = "InventoryServices", "..\inventoryApplication\InventoryServices.csproj", "{417B973F-375A-4B35-A553-5D18E4BCC178}"
EndProject
Project("{FAE04EC0-301F-11D3-BF4B-00C04F79EFBC}") = "InventoryDomain", "..\InventoryDomain\InventoryDomain.csproj", "{B4C3586B-FD24-4874-BD82-41C6374AC6C4}"
EndProject
Project("{FAE04EC0-301F-11D3-BF4B-00C04F79EFBC}") = "InventoryDatabase", "..\InventoryInfrastructure\InventoryDatabase.csproj", "{97568C81-5CD5-4BE6-8D03-1EF6B50733C7}"
EndProject
Global
	GlobalSection(SolutionConfigurationPlatforms) = preSolution
		Debug|Any CPU = Debug|Any CPU
		Release|Any CPU = Release|Any CPU
	EndGlobalSection
	GlobalSection(ProjectConfigurationPlatforms) = postSolution
		{1709C335-DBDB-4C0D-8639-6765A9BA66FF}.Debug|Any CPU.ActiveCfg = Debug|Any CPU
		{1709C335-DBDB-4C0D-8639-6765A9BA66FF}.Debug|Any CPU.Build.0 = Debug|Any CPU
		{1709C335-DBDB-4C0D-8639-6765A9BA66FF}.Release|Any CPU.ActiveCfg = Release|Any CPU
		{1709C335-DBDB-4C0D-8639-6765A9BA66FF}.Release|Any CPU.Build.0 = Release|Any CPU
		{43CF8000-4999-4375-AD4C-46218BD7D518}.Debug|Any CPU.ActiveCfg = Debug|Any CPU
		{43CF8000-4999-4375-AD4C-46218BD7D518}.Debug|Any CPU.Build.0 = Debug|Any CPU
		{43CF8000-4999-4375-AD4C-46218BD7D518}.Release|Any CPU.ActiveCfg = Release|Any CPU
		{43CF8000-4999-4375-AD4C-46218BD7D518}.Release|Any CPU.Build.0 = Release|Any CPU
		{BFBC7301-B06C-4EF9-8578-599782DCA58E}.Debug|Any CPU.ActiveCfg = Debug|Any CPU
		{BFBC7301-B06C-4EF9-8578-599782DCA58E}.Debug|Any CPU.Build.0 = Debug|Any CPU
		{BFBC7301-B06C-4EF9-8578-599782DCA58E}.Release|Any CPU.ActiveCfg = Release|Any CPU
		{BFBC7301-B06C-4EF9-8578-599782DCA58E}.Release|Any CPU.Build.0 = Release|Any CPU
		{70A11799-9D6E-43BD-A376-5197D3398D2D}.Debug|Any CPU.ActiveCfg = Debug|Any CPU
		{70A11799-9D6E-43BD-A376-5197D3398D2D}.Debug|Any CPU.Build.0 = Debug|Any CPU
		{70A11799-9D6E-43BD-A376-5197D3398D2D}.Release|Any CPU.ActiveCfg = Release|Any CPU
		{70A11799-9D6E-43BD-A376-5197D3398D2D}.Release|Any CPU.Build.0 = Release|Any CPU
		{AF731032-661A-4BFC-B821-C92001A31521}.Debug|Any CPU.ActiveCfg = Debug|Any CPU
		{AF731032-661A-4BFC-B821-C92001A31521}.Debug|Any CPU.Build.0 = Debug|Any CPU
		{AF731032-661A-4BFC-B821-C92001A31521}.Release|Any CPU.ActiveCfg = Release|Any CPU
		{AF731032-661A-4BFC-B821-C92001A31521}.Release|Any CPU.Build.0 = Release|Any CPU
		{712B5621-782C-44F6-A972-FC5C0B696056}.Debug|Any CPU.ActiveCfg = Debug|Any CPU
		{712B5621-782C-44F6-A972-FC5C0B696056}.Debug|Any CPU.Build.0 = Debug|Any CPU
		{712B5621-782C-44F6-A972-FC5C0B696056}.Release|Any CPU.ActiveCfg = Release|Any CPU
		{712B5621-782C-44F6-A972-FC5C0B696056}.Release|Any CPU.Build.0 = Release|Any CPU
		{47031A26-CBEF-41CD-822E-90C1D463FDFF}.Debug|Any CPU.ActiveCfg = Debug|Any CPU
		{47031A26-CBEF-41CD-822E-90C1D463FDFF}.Debug|Any CPU.Build.0 = Debug|Any CPU
		{47031A26-CBEF-41CD-822E-90C1D463FDFF}.Release|Any CPU.ActiveCfg = Release|Any CPU
		{47031A26-CBEF-41CD-822E-90C1D463FDFF}.Release|Any CPU.Build.0 = Release|Any CPU
		{1F66EC98-2722-482B-A441-70070DAEFE4F}.Debug|Any CPU.ActiveCfg = Debug|Any CPU
		{1F66EC98-2722-482B-A441-70070DAEFE4F}.Debug|Any CPU.Build.0 = Debug|Any CPU
		{1F66EC98-2722-482B-A441-70070DAEFE4F}.Release|Any CPU.ActiveCfg = Release|Any CPU
		{1F66EC98-2722-482B-A441-70070DAEFE4F}.Release|Any CPU.Build.0 = Release|Any CPU
		{417B973F-375A-4B35-A553-5D18E4BCC178}.Debug|Any CPU.ActiveCfg = Debug|Any CPU
		{417B973F-375A-4B35-A553-5D18E4BCC178}.Debug|Any CPU.Build.0 = Debug|Any CPU
		{417B973F-375A-4B35-A553-5D18E4BCC178}.Release|Any CPU.ActiveCfg = Release|Any CPU
		{417B973F-375A-4B35-A553-5D18E4BCC178}.Release|Any CPU.Build.0 = Release|Any CPU
		{B4C3586B-FD24-4874-BD82-41C6374AC6C4}.Debug|Any CPU.ActiveCfg = Debug|Any CPU
		{B4C3586B-FD24-4874-BD82-41C6374AC6C4}.Debug|Any CPU.Build.0 = Debug|Any CPU
		{B4C3586B-FD24-4874-BD82-41C6374AC6C4}.Release|Any CPU.ActiveCfg = Release|Any CPU
		{B4C3586B-FD24-4874-BD82-41C6374AC6C4}.Release|Any CPU.Build.0 = Release|Any CPU
		{97568C81-5CD5-4BE6-8D03-1EF6B50733C7}.Debug|Any CPU.ActiveCfg = Debug|Any CPU
		{97568C81-5CD5-4BE6-8D03-1EF6B50733C7}.Debug|Any CPU.Build.0 = Debug|Any CPU
		{97568C81-5CD5-4BE6-8D03-1EF6B50733C7}.Release|Any CPU.ActiveCfg = Release|Any CPU
		{97568C81-5CD5-4BE6-8D03-1EF6B50733C7}.Release|Any CPU.Build.0 = Release|Any CPU
	EndGlobalSection
	GlobalSection(SolutionProperties) = preSolution
		HideSolutionNode = FALSE
	EndGlobalSection
	GlobalSection(NestedProjects) = preSolution
		{1709C335-DBDB-4C0D-8639-6765A9BA66FF} = {596BA889-D332-489A-B241-C329633ED2F5}
		{596BA889-D332-489A-B241-C329633ED2F5} = {02EA681E-C7D8-13C7-8484-4AC65E1B71E8}
		{D9FDA4B9-4422-4A61-8F30-9F6C023D4C44} = {02EA681E-C7D8-13C7-8484-4AC65E1B71E8}
		{43CF8000-4999-4375-AD4C-46218BD7D518} = {D9FDA4B9-4422-4A61-8F30-9F6C023D4C44}
		{083FB3B5-8270-4903-BE5F-3E859DB49C97} = {02EA681E-C7D8-13C7-8484-4AC65E1B71E8}
		{BFBC7301-B06C-4EF9-8578-599782DCA58E} = {083FB3B5-8270-4903-BE5F-3E859DB49C97}
		{EDD3251F-A3C7-4BDE-964B-FFA3E56DB5C9} = {A04F3DDE-BEAF-4EBD-9418-92641945B252}
		{4FE5DC33-7366-466B-AEA2-790C4B00E554} = {A04F3DDE-BEAF-4EBD-9418-92641945B252}
		{C418E35F-BC76-4019-B55D-0ADF9E80DCA8} = {A04F3DDE-BEAF-4EBD-9418-92641945B252}
		{70A11799-9D6E-43BD-A376-5197D3398D2D} = {C418E35F-BC76-4019-B55D-0ADF9E80DCA8}
		{AF731032-661A-4BFC-B821-C92001A31521} = {EDD3251F-A3C7-4BDE-964B-FFA3E56DB5C9}
		{712B5621-782C-44F6-A972-FC5C0B696056} = {4FE5DC33-7366-466B-AEA2-790C4B00E554}
		{CEEB1220-6EBA-40BD-B0CA-ECE271CE6990} = {A04F3DDE-BEAF-4EBD-9418-92641945B252}
		{47031A26-CBEF-41CD-822E-90C1D463FDFF} = {CEEB1220-6EBA-40BD-B0CA-ECE271CE6990}
		{CD9DB455-1C96-4511-B418-9F13C9D66934} = {F94E7741-6530-486F-9D24-6031D42E5372}
		{E24494AE-FC5E-4230-849E-17AF4B6C58CA} = {F94E7741-6530-486F-9D24-6031D42E5372}
		{C3092AFD-ADEB-4876-894F-DE9A1F641656} = {F94E7741-6530-486F-9D24-6031D42E5372}
		{8C1BA16C-5776-4E4A-9E6B-76CD8B11B1BE} = {F94E7741-6530-486F-9D24-6031D42E5372}
		{1F66EC98-2722-482B-A441-70070DAEFE4F} = {CD9DB455-1C96-4511-B418-9F13C9D66934}
		{417B973F-375A-4B35-A553-5D18E4BCC178} = {E24494AE-FC5E-4230-849E-17AF4B6C58CA}
		{B4C3586B-FD24-4874-BD82-41C6374AC6C4} = {C3092AFD-ADEB-4876-894F-DE9A1F641656}
		{97568C81-5CD5-4BE6-8D03-1EF6B50733C7} = {8C1BA16C-5776-4E4A-9E6B-76CD8B11B1BE}
	EndGlobalSection
	GlobalSection(ExtensibilityGlobals) = postSolution
		SolutionGuid = {58D203CA-6479-410E-BCF9-83856D359506}
	EndGlobalSection
EndGlobal
